Microsoft Visual Studio Solution File, Format Version 11.00
# Visual Studio 2010
Project("{8BC9CEB8-8B4A-11D0-8D11-00A0C91BC942}") = "PluginManager", "pluginManager\projects\2010\PluginManager.vcxproj", "{0A9F9D63-C282-4AE8-9F80-A6D5F541AD12}"
	ProjectSection(ProjectDependencies) = postProject
		{C83E2A6F-9747-4855-9D61-A88359450ED6} = {C83E2A6F-9747-4855-9D61-A88359450ED6}
		{F8F0B077-8778-4CB9-9B54-EC67A3D2C750} = {F8F0B077-8778-4CB9-9B54-EC67A3D2C750}
		{E3DCABE9-3953-4A81-8B71-DEF9AD21753B} = {E3DCABE9-3953-4A81-8B71-DEF9AD21753B}
		{69CC76EB-0183-4622-929C-02E860A66A23} = {69CC76EB-0183-4622-929C-02E860A66A23}
	EndProjectSection
EndProject
Project("{8BC9CEB8-8B4A-11D0-8D11-00A0C91BC942}") = "libinstall", "libinstall\projects\2010\libinstall.vcxproj", "{F8F0B077-8778-4CB9-9B54-EC67A3D2C750}"
	ProjectSection(ProjectDependencies) = postProject
		{C83E2A6F-9747-4855-9D61-A88359450ED6} = {C83E2A6F-9747-4855-9D61-A88359450ED6}
		{E3DCABE9-3953-4A81-8B71-DEF9AD21753B} = {E3DCABE9-3953-4A81-8B71-DEF9AD21753B}
		{69CC76EB-0183-4622-929C-02E860A66A23} = {69CC76EB-0183-4622-929C-02E860A66A23}
	EndProjectSection
EndProject
Project("{8BC9CEB8-8B4A-11D0-8D11-00A0C91BC942}") = "TinyXml", "TinyXml\projects\2010\TinyXml.vcxproj", "{C83E2A6F-9747-4855-9D61-A88359450ED6}"
EndProject
Project("{8BC9CEB8-8B4A-11D0-8D11-00A0C91BC942}") = "unzip", "unzip\projects\2010\unzip.vcxproj", "{E3DCABE9-3953-4A81-8B71-DEF9AD21753B}"
	ProjectSection(ProjectDependencies) = postProject
		{745DEC58-EBB3-47A9-A9B8-4C6627C01BF8} = {745DEC58-EBB3-47A9-A9B8-4C6627C01BF8}
	EndProjectSection
EndProject
Project("{8BC9CEB8-8B4A-11D0-8D11-00A0C91BC942}") = "NppPlugin", "NppPlugin\projects\2010\NppPlugin.vcxproj", "{69CC76EB-0183-4622-929C-02E860A66A23}"
EndProject
Project("{8BC9CEB8-8B4A-11D0-8D11-00A0C91BC942}") = "gpup", "gpup\projects\2010\gpup.vcxproj", "{182656A0-B2AE-4955-9A2D-D8705FA52B27}"
	ProjectSection(ProjectDependencies) = postProject
		{C83E2A6F-9747-4855-9D61-A88359450ED6} = {C83E2A6F-9747-4855-9D61-A88359450ED6}
		{F8F0B077-8778-4CB9-9B54-EC67A3D2C750} = {F8F0B077-8778-4CB9-9B54-EC67A3D2C750}
		{E3DCABE9-3953-4A81-8B71-DEF9AD21753B} = {E3DCABE9-3953-4A81-8B71-DEF9AD21753B}
	EndProjectSection
EndProject
Project("{8BC9CEB8-8B4A-11D0-8D11-00A0C91BC942}") = "EncryptionTest", "EncryptionTest\EncryptionTest.vcxproj", "{31C6B295-C108-407E-9FB8-80662B8A248B}"
	ProjectSection(ProjectDependencies) = postProject
		{0A9F9D63-C282-4AE8-9F80-A6D5F541AD12} = {0A9F9D63-C282-4AE8-9F80-A6D5F541AD12}
	EndProjectSection
EndProject
Project("{8BC9CEB8-8B4A-11D0-8D11-00A0C91BC942}") = "Tests", "Tests\Tests.vcxproj", "{73B76907-0287-47CB-BA4F-2E9D3669CD30}"
	ProjectSection(ProjectDependencies) = postProject
		{C8F6C172-56F2-4E76-B5FA-C3B423B31BE7} = {C8F6C172-56F2-4E76-B5FA-C3B423B31BE7}
	EndProjectSection
EndProject
Project("{8BC9CEB8-8B4A-11D0-8D11-00A0C91BC942}") = "gtest", "submodule\gtest.vcxproj", "{C8F6C172-56F2-4E76-B5FA-C3B423B31BE7}"
EndProject
Project("{8BC9CEB8-8B4A-11D0-8D11-00A0C91BC942}") = "zlibstat", "submodule\zlibstat.vcxproj", "{745DEC58-EBB3-47A9-A9B8-4C6627C01BF8}"
EndProject
Global
	GlobalSection(SolutionConfigurationPlatforms) = preSolution
		Debug|Any CPU = Debug|Any CPU
		Debug|Mixed Platforms = Debug|Mixed Platforms
		Debug|Win32 = Debug|Win32
		Debug|x86 = Debug|x86
		Debug-xml-test|Any CPU = Debug-xml-test|Any CPU
		Debug-xml-test|Mixed Platforms = Debug-xml-test|Mixed Platforms
		Debug-xml-test|Win32 = Debug-xml-test|Win32
		Debug-xml-test|x86 = Debug-xml-test|x86
		MinSizeRel|Any CPU = MinSizeRel|Any CPU
		MinSizeRel|Mixed Platforms = MinSizeRel|Mixed Platforms
		MinSizeRel|Win32 = MinSizeRel|Win32
		MinSizeRel|x86 = MinSizeRel|x86
		Release|Any CPU = Release|Any CPU
		Release|Mixed Platforms = Release|Mixed Platforms
		Release|Win32 = Release|Win32
		Release|x86 = Release|x86
		RelWithDebInfo|Any CPU = RelWithDebInfo|Any CPU
		RelWithDebInfo|Mixed Platforms = RelWithDebInfo|Mixed Platforms
		RelWithDebInfo|Win32 = RelWithDebInfo|Win32
		RelWithDebInfo|x86 = RelWithDebInfo|x86
	EndGlobalSection
	GlobalSection(ProjectConfigurationPlatforms) = postSolution
		{0A9F9D63-C282-4AE8-9F80-A6D5F541AD12}.Debug|Any CPU.ActiveCfg = Debug|Win32
		{0A9F9D63-C282-4AE8-9F80-A6D5F541AD12}.Debug|Any CPU.Build.0 = Debug|Win32
		{0A9F9D63-C282-4AE8-9F80-A6D5F541AD12}.Debug|Mixed Platforms.ActiveCfg = Debug|Win32
		{0A9F9D63-C282-4AE8-9F80-A6D5F541AD12}.Debug|Mixed Platforms.Build.0 = Debug|Win32
		{0A9F9D63-C282-4AE8-9F80-A6D5F541AD12}.Debug|Win32.ActiveCfg = Debug|Win32
		{0A9F9D63-C282-4AE8-9F80-A6D5F541AD12}.Debug|Win32.Build.0 = Debug|Win32
		{0A9F9D63-C282-4AE8-9F80-A6D5F541AD12}.Debug|x86.ActiveCfg = Debug|Win32
		{0A9F9D63-C282-4AE8-9F80-A6D5F541AD12}.Debug-xml-test|Any CPU.ActiveCfg = Debug-xml-test|Win32
		{0A9F9D63-C282-4AE8-9F80-A6D5F541AD12}.Debug-xml-test|Any CPU.Build.0 = Debug-xml-test|Win32
		{0A9F9D63-C282-4AE8-9F80-A6D5F541AD12}.Debug-xml-test|Mixed Platforms.ActiveCfg = Debug-xml-test|Win32
		{0A9F9D63-C282-4AE8-9F80-A6D5F541AD12}.Debug-xml-test|Mixed Platforms.Build.0 = Debug-xml-test|Win32
		{0A9F9D63-C282-4AE8-9F80-A6D5F541AD12}.Debug-xml-test|Win32.ActiveCfg = Debug-xml-test|Win32
		{0A9F9D63-C282-4AE8-9F80-A6D5F541AD12}.Debug-xml-test|Win32.Build.0 = Debug-xml-test|Win32
		{0A9F9D63-C282-4AE8-9F80-A6D5F541AD12}.Debug-xml-test|x86.ActiveCfg = Debug-xml-test|Win32
		{0A9F9D63-C282-4AE8-9F80-A6D5F541AD12}.MinSizeRel|Any CPU.ActiveCfg = Template|Win32
		{0A9F9D63-C282-4AE8-9F80-A6D5F541AD12}.MinSizeRel|Mixed Platforms.ActiveCfg = Template|Win32
		{0A9F9D63-C282-4AE8-9F80-A6D5F541AD12}.MinSizeRel|Mixed Platforms.Build.0 = Template|Win32
		{0A9F9D63-C282-4AE8-9F80-A6D5F541AD12}.MinSizeRel|Win32.ActiveCfg = Template|Win32
		{0A9F9D63-C282-4AE8-9F80-A6D5F541AD12}.MinSizeRel|Win32.Build.0 = Template|Win32
		{0A9F9D63-C282-4AE8-9F80-A6D5F541AD12}.MinSizeRel|x86.ActiveCfg = Template|Win32
		{0A9F9D63-C282-4AE8-9F80-A6D5F541AD12}.Release|Any CPU.ActiveCfg = Release|Win32
		{0A9F9D63-C282-4AE8-9F80-A6D5F541AD12}.Release|Any CPU.Build.0 = Release|Win32
		{0A9F9D63-C282-4AE8-9F80-A6D5F541AD12}.Release|Mixed Platforms.ActiveCfg = Release|Win32
		{0A9F9D63-C282-4AE8-9F80-A6D5F541AD12}.Release|Mixed Platforms.Build.0 = Release|Win32
		{0A9F9D63-C282-4AE8-9F80-A6D5F541AD12}.Release|Win32.ActiveCfg = Release|Win32
		{0A9F9D63-C282-4AE8-9F80-A6D5F541AD12}.Release|Win32.Build.0 = Release|Win32
		{0A9F9D63-C282-4AE8-9F80-A6D5F541AD12}.Release|x86.ActiveCfg = Release|Win32
		{0A9F9D63-C282-4AE8-9F80-A6D5F541AD12}.RelWithDebInfo|Any CPU.ActiveCfg = Release|Win32
		{0A9F9D63-C282-4AE8-9F80-A6D5F541AD12}.RelWithDebInfo|Mixed Platforms.ActiveCfg = Release|Win32
		{0A9F9D63-C282-4AE8-9F80-A6D5F541AD12}.RelWithDebInfo|Mixed Platforms.Build.0 = Release|Win32
		{0A9F9D63-C282-4AE8-9F80-A6D5F541AD12}.RelWithDebInfo|Win32.ActiveCfg = Release|Win32
		{0A9F9D63-C282-4AE8-9F80-A6D5F541AD12}.RelWithDebInfo|Win32.Build.0 = Release|Win32
		{0A9F9D63-C282-4AE8-9F80-A6D5F541AD12}.RelWithDebInfo|x86.ActiveCfg = Release|Win32
		{F8F0B077-8778-4CB9-9B54-EC67A3D2C750}.Debug|Any CPU.ActiveCfg = Debug|Win32
		{F8F0B077-8778-4CB9-9B54-EC67A3D2C750}.Debug|Any CPU.Build.0 = Debug|Win32
		{F8F0B077-8778-4CB9-9B54-EC67A3D2C750}.Debug|Mixed Platforms.ActiveCfg = Debug|Win32
		{F8F0B077-8778-4CB9-9B54-EC67A3D2C750}.Debug|Mixed Platforms.Build.0 = Debug|Win32
		{F8F0B077-8778-4CB9-9B54-EC67A3D2C750}.Debug|Win32.ActiveCfg = Debug|Win32
		{F8F0B077-8778-4CB9-9B54-EC67A3D2C750}.Debug|Win32.Build.0 = Debug|Win32
		{F8F0B077-8778-4CB9-9B54-EC67A3D2C750}.Debug|x86.ActiveCfg = Debug|Win32
		{F8F0B077-8778-4CB9-9B54-EC67A3D2C750}.Debug-xml-test|Any CPU.ActiveCfg = Debug-xml-test|Win32
		{F8F0B077-8778-4CB9-9B54-EC67A3D2C750}.Debug-xml-test|Any CPU.Build.0 = Debug-xml-test|Win32
		{F8F0B077-8778-4CB9-9B54-EC67A3D2C750}.Debug-xml-test|Mixed Platforms.ActiveCfg = Debug-xml-test|Win32
		{F8F0B077-8778-4CB9-9B54-EC67A3D2C750}.Debug-xml-test|Mixed Platforms.Build.0 = Debug-xml-test|Win32
		{F8F0B077-8778-4CB9-9B54-EC67A3D2C750}.Debug-xml-test|Win32.ActiveCfg = Debug-xml-test|Win32
		{F8F0B077-8778-4CB9-9B54-EC67A3D2C750}.Debug-xml-test|Win32.Build.0 = Debug-xml-test|Win32
		{F8F0B077-8778-4CB9-9B54-EC67A3D2C750}.Debug-xml-test|x86.ActiveCfg = Debug-xml-test|Win32
		{F8F0B077-8778-4CB9-9B54-EC67A3D2C750}.MinSizeRel|Any CPU.ActiveCfg = Release|Win32
		{F8F0B077-8778-4CB9-9B54-EC67A3D2C750}.MinSizeRel|Mixed Platforms.ActiveCfg = Release|Win32
		{F8F0B077-8778-4CB9-9B54-EC67A3D2C750}.MinSizeRel|Mixed Platforms.Build.0 = Release|Win32
		{F8F0B077-8778-4CB9-9B54-EC67A3D2C750}.MinSizeRel|Win32.ActiveCfg = Release|Win32
		{F8F0B077-8778-4CB9-9B54-EC67A3D2C750}.MinSizeRel|Win32.Build.0 = Release|Win32
		{F8F0B077-8778-4CB9-9B54-EC67A3D2C750}.MinSizeRel|x86.ActiveCfg = Release|Win32
		{F8F0B077-8778-4CB9-9B54-EC67A3D2C750}.Release|Any CPU.ActiveCfg = Release|Win32
		{F8F0B077-8778-4CB9-9B54-EC67A3D2C750}.Release|Any CPU.Build.0 = Release|Win32
		{F8F0B077-8778-4CB9-9B54-EC67A3D2C750}.Release|Mixed Platforms.ActiveCfg = Release|Win32
		{F8F0B077-8778-4CB9-9B54-EC67A3D2C750}.Release|Mixed Platforms.Build.0 = Release|Win32
		{F8F0B077-8778-4CB9-9B54-EC67A3D2C750}.Release|Win32.ActiveCfg = Release|Win32
		{F8F0B077-8778-4CB9-9B54-EC67A3D2C750}.Release|Win32.Build.0 = Release|Win32
		{F8F0B077-8778-4CB9-9B54-EC67A3D2C750}.Release|x86.ActiveCfg = Release|Win32
		{F8F0B077-8778-4CB9-9B54-EC67A3D2C750}.RelWithDebInfo|Any CPU.ActiveCfg = Release|Win32
		{F8F0B077-8778-4CB9-9B54-EC67A3D2C750}.RelWithDebInfo|Mixed Platforms.ActiveCfg = Release|Win32
		{F8F0B077-8778-4CB9-9B54-EC67A3D2C750}.RelWithDebInfo|Mixed Platforms.Build.0 = Release|Win32
		{F8F0B077-8778-4CB9-9B54-EC67A3D2C750}.RelWithDebInfo|Win32.ActiveCfg = Release|Win32
		{F8F0B077-8778-4CB9-9B54-EC67A3D2C750}.RelWithDebInfo|Win32.Build.0 = Release|Win32
		{F8F0B077-8778-4CB9-9B54-EC67A3D2C750}.RelWithDebInfo|x86.ActiveCfg = Release|Win32
		{C83E2A6F-9747-4855-9D61-A88359450ED6}.Debug|Any CPU.ActiveCfg = Debug|Win32
		{C83E2A6F-9747-4855-9D61-A88359450ED6}.Debug|Any CPU.Build.0 = Debug|Win32
		{C83E2A6F-9747-4855-9D61-A88359450ED6}.Debug|Mixed Platforms.ActiveCfg = Debug|Win32
		{C83E2A6F-9747-4855-9D61-A88359450ED6}.Debug|Mixed Platforms.Build.0 = Debug|Win32
		{C83E2A6F-9747-4855-9D61-A88359450ED6}.Debug|Win32.ActiveCfg = Debug|Win32
		{C83E2A6F-9747-4855-9D61-A88359450ED6}.Debug|Win32.Build.0 = Debug|Win32
		{C83E2A6F-9747-4855-9D61-A88359450ED6}.Debug|x86.ActiveCfg = Debug|Win32
		{C83E2A6F-9747-4855-9D61-A88359450ED6}.Debug-xml-test|Any CPU.ActiveCfg = Debug-xml-test|Win32
		{C83E2A6F-9747-4855-9D61-A88359450ED6}.Debug-xml-test|Any CPU.Build.0 = Debug-xml-test|Win32
		{C83E2A6F-9747-4855-9D61-A88359450ED6}.Debug-xml-test|Mixed Platforms.ActiveCfg = Debug-xml-test|Win32
		{C83E2A6F-9747-4855-9D61-A88359450ED6}.Debug-xml-test|Mixed Platforms.Build.0 = Debug-xml-test|Win32
		{C83E2A6F-9747-4855-9D61-A88359450ED6}.Debug-xml-test|Win32.ActiveCfg = Debug-xml-test|Win32
		{C83E2A6F-9747-4855-9D61-A88359450ED6}.Debug-xml-test|Win32.Build.0 = Debug-xml-test|Win32
		{C83E2A6F-9747-4855-9D61-A88359450ED6}.Debug-xml-test|x86.ActiveCfg = Debug-xml-test|Win32
		{C83E2A6F-9747-4855-9D61-A88359450ED6}.MinSizeRel|Any CPU.ActiveCfg = Release|Win32
		{C83E2A6F-9747-4855-9D61-A88359450ED6}.MinSizeRel|Mixed Platforms.ActiveCfg = Release|Win32
		{C83E2A6F-9747-4855-9D61-A88359450ED6}.MinSizeRel|Mixed Platforms.Build.0 = Release|Win32
		{C83E2A6F-9747-4855-9D61-A88359450ED6}.MinSizeRel|Win32.ActiveCfg = Release|Win32
		{C83E2A6F-9747-4855-9D61-A88359450ED6}.MinSizeRel|Win32.Build.0 = Release|Win32
		{C83E2A6F-9747-4855-9D61-A88359450ED6}.MinSizeRel|x86.ActiveCfg = Release|Win32
		{C83E2A6F-9747-4855-9D61-A88359450ED6}.Release|Any CPU.ActiveCfg = Release|Win32
		{C83E2A6F-9747-4855-9D61-A88359450ED6}.Release|Any CPU.Build.0 = Release|Win32
		{C83E2A6F-9747-4855-9D61-A88359450ED6}.Release|Mixed Platforms.ActiveCfg = Release|Win32
		{C83E2A6F-9747-4855-9D61-A88359450ED6}.Release|Mixed Platforms.Build.0 = Release|Win32
		{C83E2A6F-9747-4855-9D61-A88359450ED6}.Release|Win32.ActiveCfg = Release|Win32
		{C83E2A6F-9747-4855-9D61-A88359450ED6}.Release|Win32.Build.0 = Release|Win32
		{C83E2A6F-9747-4855-9D61-A88359450ED6}.Release|x86.ActiveCfg = Release|Win32
		{C83E2A6F-9747-4855-9D61-A88359450ED6}.RelWithDebInfo|Any CPU.ActiveCfg = Release|Win32
		{C83E2A6F-9747-4855-9D61-A88359450ED6}.RelWithDebInfo|Mixed Platforms.ActiveCfg = Release|Win32
		{C83E2A6F-9747-4855-9D61-A88359450ED6}.RelWithDebInfo|Mixed Platforms.Build.0 = Release|Win32
		{C83E2A6F-9747-4855-9D61-A88359450ED6}.RelWithDebInfo|Win32.ActiveCfg = Release|Win32
		{C83E2A6F-9747-4855-9D61-A88359450ED6}.RelWithDebInfo|Win32.Build.0 = Release|Win32
		{C83E2A6F-9747-4855-9D61-A88359450ED6}.RelWithDebInfo|x86.ActiveCfg = Release|Win32
		{E3DCABE9-3953-4A81-8B71-DEF9AD21753B}.Debug|Any CPU.ActiveCfg = Debug|Win32
		{E3DCABE9-3953-4A81-8B71-DEF9AD21753B}.Debug|Any CPU.Build.0 = Debug|Win32
		{E3DCABE9-3953-4A81-8B71-DEF9AD21753B}.Debug|Mixed Platforms.ActiveCfg = Debug|Win32
		{E3DCABE9-3953-4A81-8B71-DEF9AD21753B}.Debug|Mixed Platforms.Build.0 = Debug|Win32
		{E3DCABE9-3953-4A81-8B71-DEF9AD21753B}.Debug|Win32.ActiveCfg = Debug|Win32
		{E3DCABE9-3953-4A81-8B71-DEF9AD21753B}.Debug|Win32.Build.0 = Debug|Win32
		{E3DCABE9-3953-4A81-8B71-DEF9AD21753B}.Debug|x86.ActiveCfg = Debug|Win32
		{E3DCABE9-3953-4A81-8B71-DEF9AD21753B}.Debug-xml-test|Any CPU.ActiveCfg = Debug-xml-test|Win32
		{E3DCABE9-3953-4A81-8B71-DEF9AD21753B}.Debug-xml-test|Any CPU.Build.0 = Debug-xml-test|Win32
		{E3DCABE9-3953-4A81-8B71-DEF9AD21753B}.Debug-xml-test|Mixed Platforms.ActiveCfg = Debug-xml-test|Win32
		{E3DCABE9-3953-4A81-8B71-DEF9AD21753B}.Debug-xml-test|Mixed Platforms.Build.0 = Debug-xml-test|Win32
		{E3DCABE9-3953-4A81-8B71-DEF9AD21753B}.Debug-xml-test|Win32.ActiveCfg = Debug-xml-test|Win32
		{E3DCABE9-3953-4A81-8B71-DEF9AD21753B}.Debug-xml-test|Win32.Build.0 = Debug-xml-test|Win32
		{E3DCABE9-3953-4A81-8B71-DEF9AD21753B}.Debug-xml-test|x86.ActiveCfg = Debug-xml-test|Win32
		{E3DCABE9-3953-4A81-8B71-DEF9AD21753B}.MinSizeRel|Any CPU.ActiveCfg = Release|Win32
		{E3DCABE9-3953-4A81-8B71-DEF9AD21753B}.MinSizeRel|Mixed Platforms.ActiveCfg = Release|Win32
		{E3DCABE9-3953-4A81-8B71-DEF9AD21753B}.MinSizeRel|Mixed Platforms.Build.0 = Release|Win32
		{E3DCABE9-3953-4A81-8B71-DEF9AD21753B}.MinSizeRel|Win32.ActiveCfg = Release|Win32
		{E3DCABE9-3953-4A81-8B71-DEF9AD21753B}.MinSizeRel|Win32.Build.0 = Release|Win32
		{E3DCABE9-3953-4A81-8B71-DEF9AD21753B}.MinSizeRel|x86.ActiveCfg = Release|Win32
		{E3DCABE9-3953-4A81-8B71-DEF9AD21753B}.Release|Any CPU.ActiveCfg = Release|Win32
		{E3DCABE9-3953-4A81-8B71-DEF9AD21753B}.Release|Any CPU.Build.0 = Release|Win32
		{E3DCABE9-3953-4A81-8B71-DEF9AD21753B}.Release|Mixed Platforms.ActiveCfg = Release|Win32
		{E3DCABE9-3953-4A81-8B71-DEF9AD21753B}.Release|Mixed Platforms.Build.0 = Release|Win32
		{E3DCABE9-3953-4A81-8B71-DEF9AD21753B}.Release|Win32.ActiveCfg = Release|Win32
		{E3DCABE9-3953-4A81-8B71-DEF9AD21753B}.Release|Win32.Build.0 = Release|Win32
		{E3DCABE9-3953-4A81-8B71-DEF9AD21753B}.Release|x86.ActiveCfg = Release|Win32
		{E3DCABE9-3953-4A81-8B71-DEF9AD21753B}.RelWithDebInfo|Any CPU.ActiveCfg = Release|Win32
		{E3DCABE9-3953-4A81-8B71-DEF9AD21753B}.RelWithDebInfo|Mixed Platforms.ActiveCfg = Release|Win32
		{E3DCABE9-3953-4A81-8B71-DEF9AD21753B}.RelWithDebInfo|Mixed Platforms.Build.0 = Release|Win32
		{E3DCABE9-3953-4A81-8B71-DEF9AD21753B}.RelWithDebInfo|Win32.ActiveCfg = Release|Win32
		{E3DCABE9-3953-4A81-8B71-DEF9AD21753B}.RelWithDebInfo|Win32.Build.0 = Release|Win32
		{E3DCABE9-3953-4A81-8B71-DEF9AD21753B}.RelWithDebInfo|x86.ActiveCfg = Release|Win32
		{69CC76EB-0183-4622-929C-02E860A66A23}.Debug|Any CPU.ActiveCfg = Debug|Win32
		{69CC76EB-0183-4622-929C-02E860A66A23}.Debug|Any CPU.Build.0 = Debug|Win32
		{69CC76EB-0183-4622-929C-02E860A66A23}.Debug|Mixed Platforms.ActiveCfg = Debug|Win32
		{69CC76EB-0183-4622-929C-02E860A66A23}.Debug|Mixed Platforms.Build.0 = Debug|Win32
		{69CC76EB-0183-4622-929C-02E860A66A23}.Debug|Win32.ActiveCfg = Debug|Win32
		{69CC76EB-0183-4622-929C-02E860A66A23}.Debug|Win32.Build.0 = Debug|Win32
		{69CC76EB-0183-4622-929C-02E860A66A23}.Debug|x86.ActiveCfg = Debug|Win32
		{69CC76EB-0183-4622-929C-02E860A66A23}.Debug-xml-test|Any CPU.ActiveCfg = Debug-xml-test|Win32
		{69CC76EB-0183-4622-929C-02E860A66A23}.Debug-xml-test|Any CPU.Build.0 = Debug-xml-test|Win32
		{69CC76EB-0183-4622-929C-02E860A66A23}.Debug-xml-test|Mixed Platforms.ActiveCfg = Debug-xml-test|Win32
		{69CC76EB-0183-4622-929C-02E860A66A23}.Debug-xml-test|Mixed Platforms.Build.0 = Debug-xml-test|Win32
		{69CC76EB-0183-4622-929C-02E860A66A23}.Debug-xml-test|Win32.ActiveCfg = Debug-xml-test|Win32
		{69CC76EB-0183-4622-929C-02E860A66A23}.Debug-xml-test|Win32.Build.0 = Debug-xml-test|Win32
		{69CC76EB-0183-4622-929C-02E860A66A23}.Debug-xml-test|x86.ActiveCfg = Debug-xml-test|Win32
		{69CC76EB-0183-4622-929C-02E860A66A23}.MinSizeRel|Any CPU.ActiveCfg = Release|Win32
		{69CC76EB-0183-4622-929C-02E860A66A23}.MinSizeRel|Mixed Platforms.ActiveCfg = Release|Win32
		{69CC76EB-0183-4622-929C-02E860A66A23}.MinSizeRel|Mixed Platforms.Build.0 = Release|Win32
		{69CC76EB-0183-4622-929C-02E860A66A23}.MinSizeRel|Win32.ActiveCfg = Release|Win32
		{69CC76EB-0183-4622-929C-02E860A66A23}.MinSizeRel|Win32.Build.0 = Release|Win32
		{69CC76EB-0183-4622-929C-02E860A66A23}.MinSizeRel|x86.ActiveCfg = Release|Win32
		{69CC76EB-0183-4622-929C-02E860A66A23}.Release|Any CPU.ActiveCfg = Release|Win32
		{69CC76EB-0183-4622-929C-02E860A66A23}.Release|Any CPU.Build.0 = Release|Win32
		{69CC76EB-0183-4622-929C-02E860A66A23}.Release|Mixed Platforms.ActiveCfg = Release|Win32
		{69CC76EB-0183-4622-929C-02E860A66A23}.Release|Mixed Platforms.Build.0 = Release|Win32
		{69CC76EB-0183-4622-929C-02E860A66A23}.Release|Win32.ActiveCfg = Release|Win32
		{69CC76EB-0183-4622-929C-02E860A66A23}.Release|Win32.Build.0 = Release|Win32
		{69CC76EB-0183-4622-929C-02E860A66A23}.Release|x86.ActiveCfg = Release|Win32
		{69CC76EB-0183-4622-929C-02E860A66A23}.RelWithDebInfo|Any CPU.ActiveCfg = Release|Win32
		{69CC76EB-0183-4622-929C-02E860A66A23}.RelWithDebInfo|Mixed Platforms.ActiveCfg = Release|Win32
		{69CC76EB-0183-4622-929C-02E860A66A23}.RelWithDebInfo|Mixed Platforms.Build.0 = Release|Win32
		{69CC76EB-0183-4622-929C-02E860A66A23}.RelWithDebInfo|Win32.ActiveCfg = Release|Win32
		{69CC76EB-0183-4622-929C-02E860A66A23}.RelWithDebInfo|Win32.Build.0 = Release|Win32
		{69CC76EB-0183-4622-929C-02E860A66A23}.RelWithDebInfo|x86.ActiveCfg = Release|Win32
		{182656A0-B2AE-4955-9A2D-D8705FA52B27}.Debug|Any CPU.ActiveCfg = Debug|Win32
		{182656A0-B2AE-4955-9A2D-D8705FA52B27}.Debug|Mixed Platforms.ActiveCfg = Debug|Win32
		{182656A0-B2AE-4955-9A2D-D8705FA52B27}.Debug|Mixed Platforms.Build.0 = Debug|Win32
		{182656A0-B2AE-4955-9A2D-D8705FA52B27}.Debug|Win32.ActiveCfg = Debug|Win32
		{182656A0-B2AE-4955-9A2D-D8705FA52B27}.Debug|Win32.Build.0 = Debug|Win32
		{182656A0-B2AE-4955-9A2D-D8705FA52B27}.Debug|x86.ActiveCfg = Debug|Win32
		{182656A0-B2AE-4955-9A2D-D8705FA52B27}.Debug-xml-test|Any CPU.ActiveCfg = Debug-xml-test|Win32
		{182656A0-B2AE-4955-9A2D-D8705FA52B27}.Debug-xml-test|Mixed Platforms.ActiveCfg = Debug-xml-test|Win32
		{182656A0-B2AE-4955-9A2D-D8705FA52B27}.Debug-xml-test|Mixed Platforms.Build.0 = Debug-xml-test|Win32
		{182656A0-B2AE-4955-9A2D-D8705FA52B27}.Debug-xml-test|Win32.ActiveCfg = Debug-xml-test|Win32
		{182656A0-B2AE-4955-9A2D-D8705FA52B27}.Debug-xml-test|Win32.Build.0 = Debug-xml-test|Win32
		{182656A0-B2AE-4955-9A2D-D8705FA52B27}.Debug-xml-test|x86.ActiveCfg = Debug-xml-test|Win32
		{182656A0-B2AE-4955-9A2D-D8705FA52B27}.MinSizeRel|Any CPU.ActiveCfg = Release|Win32
		{182656A0-B2AE-4955-9A2D-D8705FA52B27}.MinSizeRel|Mixed Platforms.ActiveCfg = Release|Win32
		{182656A0-B2AE-4955-9A2D-D8705FA52B27}.MinSizeRel|Mixed Platforms.Build.0 = Release|Win32
		{182656A0-B2AE-4955-9A2D-D8705FA52B27}.MinSizeRel|Win32.ActiveCfg = Release|Win32
		{182656A0-B2AE-4955-9A2D-D8705FA52B27}.MinSizeRel|Win32.Build.0 = Release|Win32
		{182656A0-B2AE-4955-9A2D-D8705FA52B27}.MinSizeRel|x86.ActiveCfg = Release|Win32
		{182656A0-B2AE-4955-9A2D-D8705FA52B27}.Release|Any CPU.ActiveCfg = Release|Win32
		{182656A0-B2AE-4955-9A2D-D8705FA52B27}.Release|Mixed Platforms.ActiveCfg = Release|Win32
		{182656A0-B2AE-4955-9A2D-D8705FA52B27}.Release|Mixed Platforms.Build.0 = Release|Win32
		{182656A0-B2AE-4955-9A2D-D8705FA52B27}.Release|Win32.ActiveCfg = Release|Win32
		{182656A0-B2AE-4955-9A2D-D8705FA52B27}.Release|Win32.Build.0 = Release|Win32
		{182656A0-B2AE-4955-9A2D-D8705FA52B27}.Release|x86.ActiveCfg = Release|Win32
		{182656A0-B2AE-4955-9A2D-D8705FA52B27}.RelWithDebInfo|Any CPU.ActiveCfg = Release|Win32
		{182656A0-B2AE-4955-9A2D-D8705FA52B27}.RelWithDebInfo|Mixed Platforms.ActiveCfg = Release|Win32
		{182656A0-B2AE-4955-9A2D-D8705FA52B27}.RelWithDebInfo|Mixed Platforms.Build.0 = Release|Win32
		{182656A0-B2AE-4955-9A2D-D8705FA52B27}.RelWithDebInfo|Win32.ActiveCfg = Release|Win32
		{182656A0-B2AE-4955-9A2D-D8705FA52B27}.RelWithDebInfo|Win32.Build.0 = Release|Win32
		{182656A0-B2AE-4955-9A2D-D8705FA52B27}.RelWithDebInfo|x86.ActiveCfg = Release|Win32
		{31C6B295-C108-407E-9FB8-80662B8A248B}.Debug|Any CPU.ActiveCfg = Debug|Win32
		{31C6B295-C108-407E-9FB8-80662B8A248B}.Debug|Mixed Platforms.ActiveCfg = Debug|Win32
		{31C6B295-C108-407E-9FB8-80662B8A248B}.Debug|Mixed Platforms.Build.0 = Debug|Win32
		{31C6B295-C108-407E-9FB8-80662B8A248B}.Debug|Win32.ActiveCfg = Debug|Win32
		{31C6B295-C108-407E-9FB8-80662B8A248B}.Debug|Win32.Build.0 = Debug|Win32
		{31C6B295-C108-407E-9FB8-80662B8A248B}.Debug|x86.ActiveCfg = Debug|Win32
		{31C6B295-C108-407E-9FB8-80662B8A248B}.Debug-xml-test|Any CPU.ActiveCfg = Debug|Win32
		{31C6B295-C108-407E-9FB8-80662B8A248B}.Debug-xml-test|Mixed Platforms.ActiveCfg = Debug|Win32
		{31C6B295-C108-407E-9FB8-80662B8A248B}.Debug-xml-test|Mixed Platforms.Build.0 = Debug|Win32
		{31C6B295-C108-407E-9FB8-80662B8A248B}.Debug-xml-test|Win32.ActiveCfg = Debug|Win32
		{31C6B295-C108-407E-9FB8-80662B8A248B}.Debug-xml-test|Win32.Build.0 = Debug|Win32
		{31C6B295-C108-407E-9FB8-80662B8A248B}.Debug-xml-test|x86.ActiveCfg = Debug|Win32
		{31C6B295-C108-407E-9FB8-80662B8A248B}.MinSizeRel|Any CPU.ActiveCfg = Release|Win32
		{31C6B295-C108-407E-9FB8-80662B8A248B}.MinSizeRel|Mixed Platforms.ActiveCfg = Release|Win32
		{31C6B295-C108-407E-9FB8-80662B8A248B}.MinSizeRel|Mixed Platforms.Build.0 = Release|Win32
		{31C6B295-C108-407E-9FB8-80662B8A248B}.MinSizeRel|Win32.ActiveCfg = Release|Win32
		{31C6B295-C108-407E-9FB8-80662B8A248B}.MinSizeRel|Win32.Build.0 = Release|Win32
		{31C6B295-C108-407E-9FB8-80662B8A248B}.MinSizeRel|x86.ActiveCfg = Release|Win32
		{31C6B295-C108-407E-9FB8-80662B8A248B}.Release|Any CPU.ActiveCfg = Release|Win32
		{31C6B295-C108-407E-9FB8-80662B8A248B}.Release|Mixed Platforms.ActiveCfg = Release|Win32
		{31C6B295-C108-407E-9FB8-80662B8A248B}.Release|Mixed Platforms.Build.0 = Release|Win32
		{31C6B295-C108-407E-9FB8-80662B8A248B}.Release|Win32.ActiveCfg = Release|Win32
		{31C6B295-C108-407E-9FB8-80662B8A248B}.Release|Win32.Build.0 = Release|Win32
		{31C6B295-C108-407E-9FB8-80662B8A248B}.Release|x86.ActiveCfg = Release|Win32
		{31C6B295-C108-407E-9FB8-80662B8A248B}.RelWithDebInfo|Any CPU.ActiveCfg = Release|Win32
		{31C6B295-C108-407E-9FB8-80662B8A248B}.RelWithDebInfo|Mixed Platforms.ActiveCfg = Release|Win32
		{31C6B295-C108-407E-9FB8-80662B8A248B}.RelWithDebInfo|Mixed Platforms.Build.0 = Release|Win32
		{31C6B295-C108-407E-9FB8-80662B8A248B}.RelWithDebInfo|Win32.ActiveCfg = Release|Win32
		{31C6B295-C108-407E-9FB8-80662B8A248B}.RelWithDebInfo|Win32.Build.0 = Release|Win32
		{31C6B295-C108-407E-9FB8-80662B8A248B}.RelWithDebInfo|x86.ActiveCfg = Release|Win32
		{73B76907-0287-47CB-BA4F-2E9D3669CD30}.Debug|Any CPU.ActiveCfg = Debug|Win32
		{73B76907-0287-47CB-BA4F-2E9D3669CD30}.Debug|Mixed Platforms.ActiveCfg = Debug|Win32
		{73B76907-0287-47CB-BA4F-2E9D3669CD30}.Debug|Mixed Platforms.Build.0 = Debug|Win32
		{73B76907-0287-47CB-BA4F-2E9D3669CD30}.Debug|Win32.ActiveCfg = Debug|Win32
		{73B76907-0287-47CB-BA4F-2E9D3669CD30}.Debug|Win32.Build.0 = Debug|Win32
		{73B76907-0287-47CB-BA4F-2E9D3669CD30}.Debug|x86.ActiveCfg = Debug|Win32
		{73B76907-0287-47CB-BA4F-2E9D3669CD30}.Debug-xml-test|Any CPU.ActiveCfg = Debug|Win32
		{73B76907-0287-47CB-BA4F-2E9D3669CD30}.Debug-xml-test|Mixed Platforms.ActiveCfg = Debug|Win32
		{73B76907-0287-47CB-BA4F-2E9D3669CD30}.Debug-xml-test|Mixed Platforms.Build.0 = Debug|Win32
		{73B76907-0287-47CB-BA4F-2E9D3669CD30}.Debug-xml-test|Win32.ActiveCfg = Debug|Win32
		{73B76907-0287-47CB-BA4F-2E9D3669CD30}.Debug-xml-test|Win32.Build.0 = Debug|Win32
		{73B76907-0287-47CB-BA4F-2E9D3669CD30}.Debug-xml-test|x86.ActiveCfg = Debug|Win32
		{73B76907-0287-47CB-BA4F-2E9D3669CD30}.MinSizeRel|Any CPU.ActiveCfg = Release|Win32
		{73B76907-0287-47CB-BA4F-2E9D3669CD30}.MinSizeRel|Mixed Platforms.ActiveCfg = Release|Win32
		{73B76907-0287-47CB-BA4F-2E9D3669CD30}.MinSizeRel|Mixed Platforms.Build.0 = Release|Win32
		{73B76907-0287-47CB-BA4F-2E9D3669CD30}.MinSizeRel|Win32.ActiveCfg = Release|Win32
		{73B76907-0287-47CB-BA4F-2E9D3669CD30}.MinSizeRel|Win32.Build.0 = Release|Win32
		{73B76907-0287-47CB-BA4F-2E9D3669CD30}.MinSizeRel|x86.ActiveCfg = Release|Win32
		{73B76907-0287-47CB-BA4F-2E9D3669CD30}.Release|Any CPU.ActiveCfg = Release|Win32
		{73B76907-0287-47CB-BA4F-2E9D3669CD30}.Release|Mixed Platforms.ActiveCfg = Release|Win32
		{73B76907-0287-47CB-BA4F-2E9D3669CD30}.Release|Mixed Platforms.Build.0 = Release|Win32
		{73B76907-0287-47CB-BA4F-2E9D3669CD30}.Release|Win32.ActiveCfg = Release|Win32
		{73B76907-0287-47CB-BA4F-2E9D3669CD30}.Release|Win32.Build.0 = Release|Win32
		{73B76907-0287-47CB-BA4F-2E9D3669CD30}.Release|x86.ActiveCfg = Release|Win32
		{73B76907-0287-47CB-BA4F-2E9D3669CD30}.RelWithDebInfo|Any CPU.ActiveCfg = Release|Win32
		{73B76907-0287-47CB-BA4F-2E9D3669CD30}.RelWithDebInfo|Mixed Platforms.ActiveCfg = Release|Win32
		{73B76907-0287-47CB-BA4F-2E9D3669CD30}.RelWithDebInfo|Mixed Platforms.Build.0 = Release|Win32
		{73B76907-0287-47CB-BA4F-2E9D3669CD30}.RelWithDebInfo|Win32.ActiveCfg = Release|Win32
		{73B76907-0287-47CB-BA4F-2E9D3669CD30}.RelWithDebInfo|Win32.Build.0 = Release|Win32
		{73B76907-0287-47CB-BA4F-2E9D3669CD30}.RelWithDebInfo|x86.ActiveCfg = Release|Win32
		{C8F6C172-56F2-4E76-B5FA-C3B423B31BE7}.Debug|Any CPU.ActiveCfg = Debug|Win32
		{C8F6C172-56F2-4E76-B5FA-C3B423B31BE7}.Debug|Mixed Platforms.ActiveCfg = Debug|Win32
		{C8F6C172-56F2-4E76-B5FA-C3B423B31BE7}.Debug|Mixed Platforms.Build.0 = Debug|Win32
		{C8F6C172-56F2-4E76-B5FA-C3B423B31BE7}.Debug|Win32.ActiveCfg = Debug|Win32
		{C8F6C172-56F2-4E76-B5FA-C3B423B31BE7}.Debug|Win32.Build.0 = Debug|Win32
		{C8F6C172-56F2-4E76-B5FA-C3B423B31BE7}.Debug|x86.ActiveCfg = Debug|Win32
		{C8F6C172-56F2-4E76-B5FA-C3B423B31BE7}.Debug-xml-test|Any CPU.ActiveCfg = Debug|Win32
		{C8F6C172-56F2-4E76-B5FA-C3B423B31BE7}.Debug-xml-test|Mixed Platforms.ActiveCfg = Debug|Win32
		{C8F6C172-56F2-4E76-B5FA-C3B423B31BE7}.Debug-xml-test|Mixed Platforms.Build.0 = Debug|Win32
		{C8F6C172-56F2-4E76-B5FA-C3B423B31BE7}.Debug-xml-test|Win32.ActiveCfg = Debug|Win32
		{C8F6C172-56F2-4E76-B5FA-C3B423B31BE7}.Debug-xml-test|Win32.Build.0 = Debug|Win32
		{C8F6C172-56F2-4E76-B5FA-C3B423B31BE7}.Debug-xml-test|x86.ActiveCfg = Debug|Win32
		{C8F6C172-56F2-4E76-B5FA-C3B423B31BE7}.MinSizeRel|Any CPU.ActiveCfg = Release|x64
		{C8F6C172-56F2-4E76-B5FA-C3B423B31BE7}.MinSizeRel|Any CPU.Build.0 = Release|x64
		{C8F6C172-56F2-4E76-B5FA-C3B423B31BE7}.MinSizeRel|Mixed Platforms.ActiveCfg = Release|Win32
		{C8F6C172-56F2-4E76-B5FA-C3B423B31BE7}.MinSizeRel|Mixed Platforms.Build.0 = Release|Win32
		{C8F6C172-56F2-4E76-B5FA-C3B423B31BE7}.MinSizeRel|Win32.ActiveCfg = Release|Win32
		{C8F6C172-56F2-4E76-B5FA-C3B423B31BE7}.MinSizeRel|Win32.Build.0 = Release|Win32
		{C8F6C172-56F2-4E76-B5FA-C3B423B31BE7}.MinSizeRel|x86.ActiveCfg = Release|Win32
		{C8F6C172-56F2-4E76-B5FA-C3B423B31BE7}.MinSizeRel|x86.Build.0 = Release|Win32
		{C8F6C172-56F2-4E76-B5FA-C3B423B31BE7}.Release|Any CPU.ActiveCfg = Release|Win32
		{C8F6C172-56F2-4E76-B5FA-C3B423B31BE7}.Release|Mixed Platforms.ActiveCfg = Release|Win32
		{C8F6C172-56F2-4E76-B5FA-C3B423B31BE7}.Release|Mixed Platforms.Build.0 = Release|Win32
		{C8F6C172-56F2-4E76-B5FA-C3B423B31BE7}.Release|Win32.ActiveCfg = Release|Win32
		{C8F6C172-56F2-4E76-B5FA-C3B423B31BE7}.Release|Win32.Build.0 = Release|Win32
		{C8F6C172-56F2-4E76-B5FA-C3B423B31BE7}.Release|x86.ActiveCfg = Release|Win32
		{C8F6C172-56F2-4E76-B5FA-C3B423B31BE7}.RelWithDebInfo|Any CPU.ActiveCfg = Release|x64
		{C8F6C172-56F2-4E76-B5FA-C3B423B31BE7}.RelWithDebInfo|Any CPU.Build.0 = Release|x64
		{C8F6C172-56F2-4E76-B5FA-C3B423B31BE7}.RelWithDebInfo|Mixed Platforms.ActiveCfg = Release|Win32
		{C8F6C172-56F2-4E76-B5FA-C3B423B31BE7}.RelWithDebInfo|Mixed Platforms.Build.0 = Release|Win32
		{C8F6C172-56F2-4E76-B5FA-C3B423B31BE7}.RelWithDebInfo|Win32.ActiveCfg = Release|Win32
		{C8F6C172-56F2-4E76-B5FA-C3B423B31BE7}.RelWithDebInfo|Win32.Build.0 = Release|Win32
		{C8F6C172-56F2-4E76-B5FA-C3B423B31BE7}.RelWithDebInfo|x86.ActiveCfg = Release|Win32
		{C8F6C172-56F2-4E76-B5FA-C3B423B31BE7}.RelWithDebInfo|x86.Build.0 = Release|Win32
		{745DEC58-EBB3-47A9-A9B8-4C6627C01BF8}.Debug|Any CPU.ActiveCfg = Debug|Win32
		{745DEC58-EBB3-47A9-A9B8-4C6627C01BF8}.Debug|Mixed Platforms.ActiveCfg = Debug|Win32
		{745DEC58-EBB3-47A9-A9B8-4C6627C01BF8}.Debug|Mixed Platforms.Build.0 = Debug|Win32
		{745DEC58-EBB3-47A9-A9B8-4C6627C01BF8}.Debug|Win32.ActiveCfg = Debug|Win32
		{745DEC58-EBB3-47A9-A9B8-4C6627C01BF8}.Debug|Win32.Build.0 = Debug|Win32
		{745DEC58-EBB3-47A9-A9B8-4C6627C01BF8}.Debug|x86.ActiveCfg = Debug|Win32
		{745DEC58-EBB3-47A9-A9B8-4C6627C01BF8}.Debug|x86.Build.0 = Debug|Win32
		{745DEC58-EBB3-47A9-A9B8-4C6627C01BF8}.Debug-xml-test|Any CPU.ActiveCfg = ReleaseWithoutAsm|Itanium
		{745DEC58-EBB3-47A9-A9B8-4C6627C01BF8}.Debug-xml-test|Any CPU.Build.0 = ReleaseWithoutAsm|Itanium
		{745DEC58-EBB3-47A9-A9B8-4C6627C01BF8}.Debug-xml-test|Mixed Platforms.ActiveCfg = Debug|Win32
		{745DEC58-EBB3-47A9-A9B8-4C6627C01BF8}.Debug-xml-test|Mixed Platforms.Build.0 = Debug|Win32
		{745DEC58-EBB3-47A9-A9B8-4C6627C01BF8}.Debug-xml-test|Win32.ActiveCfg = Debug|Win32
		{745DEC58-EBB3-47A9-A9B8-4C6627C01BF8}.Debug-xml-test|Win32.Build.0 = Debug|Win32
		{745DEC58-EBB3-47A9-A9B8-4C6627C01BF8}.Debug-xml-test|x86.ActiveCfg = Debug|Win32
		{745DEC58-EBB3-47A9-A9B8-4C6627C01BF8}.Debug-xml-test|x86.Build.0 = Debug|Win32
		{745DEC58-EBB3-47A9-A9B8-4C6627C01BF8}.MinSizeRel|Any CPU.ActiveCfg = ReleaseWithoutAsm|Itanium
		{745DEC58-EBB3-47A9-A9B8-4C6627C01BF8}.MinSizeRel|Any CPU.Build.0 = ReleaseWithoutAsm|Itanium
		{745DEC58-EBB3-47A9-A9B8-4C6627C01BF8}.MinSizeRel|Mixed Platforms.ActiveCfg = Release|Win32
		{745DEC58-EBB3-47A9-A9B8-4C6627C01BF8}.MinSizeRel|Mixed Platforms.Build.0 = Release|Win32
		{745DEC58-EBB3-47A9-A9B8-4C6627C01BF8}.MinSizeRel|Win32.ActiveCfg = Release|Win32
		{745DEC58-EBB3-47A9-A9B8-4C6627C01BF8}.MinSizeRel|Win32.Build.0 = Release|Win32
		{745DEC58-EBB3-47A9-A9B8-4C6627C01BF8}.MinSizeRel|x86.ActiveCfg = Release|Win32
		{745DEC58-EBB3-47A9-A9B8-4C6627C01BF8}.MinSizeRel|x86.Build.0 = Release|Win32
		{745DEC58-EBB3-47A9-A9B8-4C6627C01BF8}.Release|Any CPU.ActiveCfg = Release|Win32
		{745DEC58-EBB3-47A9-A9B8-4C6627C01BF8}.Release|Mixed Platforms.ActiveCfg = Release|Win32
		{745DEC58-EBB3-47A9-A9B8-4C6627C01BF8}.Release|Mixed Platforms.Build.0 = Release|Win32
		{745DEC58-EBB3-47A9-A9B8-4C6627C01BF8}.Release|Win32.ActiveCfg = ReleaseWithoutAsm|Win32
		{745DEC58-EBB3-47A9-A9B8-4C6627C01BF8}.Release|Win32.Build.0 = ReleaseWithoutAsm|Win32
		{745DEC58-EBB3-47A9-A9B8-4C6627C01BF8}.Release|x86.ActiveCfg = Release|Win32
		{745DEC58-EBB3-47A9-A9B8-4C6627C01BF8}.Release|x86.Build.0 = Release|Win32
		{745DEC58-EBB3-47A9-A9B8-4C6627C01BF8}.RelWithDebInfo|Any CPU.ActiveCfg = ReleaseWithoutAsm|Itanium
		{745DEC58-EBB3-47A9-A9B8-4C6627C01BF8}.RelWithDebInfo|Any CPU.Build.0 = ReleaseWithoutAsm|Itanium
		{745DEC58-EBB3-47A9-A9B8-4C6627C01BF8}.RelWithDebInfo|Mixed Platforms.ActiveCfg = Release|Win32
		{745DEC58-EBB3-47A9-A9B8-4C6627C01BF8}.RelWithDebInfo|Mixed Platforms.Build.0 = Release|Win32
		{745DEC58-EBB3-47A9-A9B8-4C6627C01BF8}.RelWithDebInfo|Win32.ActiveCfg = Release|Win32
		{745DEC58-EBB3-47A9-A9B8-4C6627C01BF8}.RelWithDebInfo|Win32.Build.0 = Release|Win32
		{745DEC58-EBB3-47A9-A9B8-4C6627C01BF8}.RelWithDebInfo|x86.ActiveCfg = Release|Win32
		{745DEC58-EBB3-47A9-A9B8-4C6627C01BF8}.RelWithDebInfo|x86.Build.0 = Release|Win32
	EndGlobalSection
	GlobalSection(SolutionProperties) = preSolution
		HideSolutionNode = FALSE
	EndGlobalSection
EndGlobal
