Microsoft Visual Studio Solution File, Format Version 9.00
# Visual Studio 2005
Project("{8BC9CEB8-8B4A-11D0-8D11-00A0C91BC942}") = "PluginManager", "PluginManager.vcproj", "{0A9F9D63-C282-4AE8-9F80-A6D5F541AD12}"
	ProjectSection(ProjectDependencies) = postProject
		{F8F0B077-8778-4CB9-9B54-EC67A3D2C750} = {F8F0B077-8778-4CB9-9B54-EC67A3D2C750}
	EndProjectSection
EndProject
Project("{8BC9CEB8-8B4A-11D0-8D11-00A0C91BC942}") = "libinstall", "..\..\libinstall\projects\2005\libinstall.vcproj", "{F8F0B077-8778-4CB9-9B54-EC67A3D2C750}"
EndProject
Global
	GlobalSection(SolutionConfigurationPlatforms) = preSolution
		Debug|Win32 = Debug|Win32
		Release|Win32 = Release|Win32
	EndGlobalSection
	GlobalSection(ProjectConfigurationPlatforms) = postSolution
		{0A9F9D63-C282-4AE8-9F80-A6D5F541AD12}.Debug|Win32.ActiveCfg = Debug|Win32
		{0A9F9D63-C282-4AE8-9F80-A6D5F541AD12}.Debug|Win32.Build.0 = Debug|Win32
		{0A9F9D63-C282-4AE8-9F80-A6D5F541AD12}.Release|Win32.ActiveCfg = Release|Win32
		{0A9F9D63-C282-4AE8-9F80-A6D5F541AD12}.Release|Win32.Build.0 = Release|Win32
		{F8F0B077-8778-4CB9-9B54-EC67A3D2C750}.Debug|Win32.ActiveCfg = Debug|Win32
		{F8F0B077-8778-4CB9-9B54-EC67A3D2C750}.Debug|Win32.Build.0 = Debug|Win32
		{F8F0B077-8778-4CB9-9B54-EC67A3D2C750}.Release|Win32.ActiveCfg = Release|Win32
		{F8F0B077-8778-4CB9-9B54-EC67A3D2C750}.Release|Win32.Build.0 = Release|Win32
	EndGlobalSection
	GlobalSection(SolutionProperties) = preSolution
		HideSolutionNode = FALSE
	EndGlobalSection
EndGlobal
